
Microsoft Visual Studio Solution File, Format Version 12.00
# Visual Studio Version 17
VisualStudioVersion = 17.10.35027.167
MinimumVisualStudioVersion = 10.0.40219.1
Project("{FAE04EC0-301F-11D3-BF4B-00C04F79EFBC}") = "FileDuplicateDetector", "FileDuplicateDetector\FileDuplicateDetector.csproj", "{02D2AEAD-4FA1-42D6-A2D1-914BA4F25AE7}"
EndProject
Global
	GlobalSection(SolutionConfigurationPlatforms) = preSolution
		Debug|Any CPU = Debug|Any CPU
		Release|Any CPU = Release|Any CPU
	EndGlobalSection
	GlobalSection(ProjectConfigurationPlatforms) = postSolution
		{02D2AEAD-4FA1-42D6-A2D1-914BA4F25AE7}.Debug|Any CPU.ActiveCfg = Debug|Any CPU
		{02D2AEAD-4FA1-42D6-A2D1-914BA4F25AE7}.Debug|Any CPU.Build.0 = Debug|Any CPU
		{02D2AEAD-4FA1-42D6-A2D1-914BA4F25AE7}.Release|Any CPU.ActiveCfg = Release|Any CPU
		{02D2AEAD-4FA1-42D6-A2D1-914BA4F25AE7}.Release|Any CPU.Build.0 = Release|Any CPU
	EndGlobalSection
	GlobalSection(SolutionProperties) = preSolution
		HideSolutionNode = FALSE
	EndGlobalSection
	GlobalSection(ExtensibilityGlobals) = postSolution
		SolutionGuid = {0C2A3B14-8F58-4215-A462-0CAEEB785FCA}
	EndGlobalSection
EndGlobal
